
Microsoft Visual Studio Solution File, Format Version 12.00
# Visual Studio 14
VisualStudioVersion = 14.0.25420.1
MinimumVisualStudioVersion = 10.0.40219.1
Project("{FAE04EC0-301F-11D3-BF4B-00C04F79EFBC}") = "Poseidon.Finance.Core", "Poseidon.Finance.Core\Poseidon.Finance.Core.csproj", "{F9C23F38-A5F7-4853-8BD9-668731C49550}"
EndProject
Project("{FAE04EC0-301F-11D3-BF4B-00C04F79EFBC}") = "Poseidon.Finance.ClientDx", "Poseidon.Finance.ClientDx\Poseidon.Finance.ClientDx.csproj", "{806DBDB8-12A6-462A-9CCD-C3317FA23EED}"
EndProject
Global
	GlobalSection(SolutionConfigurationPlatforms) = preSolution
		Debug|Any CPU = Debug|Any CPU
		Release|Any CPU = Release|Any CPU
	EndGlobalSection
	GlobalSection(ProjectConfigurationPlatforms) = postSolution
		{F9C23F38-A5F7-4853-8BD9-668731C49550}.Debug|Any CPU.ActiveCfg = Debug|Any CPU
		{F9C23F38-A5F7-4853-8BD9-668731C49550}.Debug|Any CPU.Build.0 = Debug|Any CPU
		{F9C23F38-A5F7-4853-8BD9-668731C49550}.Release|Any CPU.ActiveCfg = Release|Any CPU
		{F9C23F38-A5F7-4853-8BD9-668731C49550}.Release|Any CPU.Build.0 = Release|Any CPU
		{806DBDB8-12A6-462A-9CCD-C3317FA23EED}.Debug|Any CPU.ActiveCfg = Debug|Any CPU
		{806DBDB8-12A6-462A-9CCD-C3317FA23EED}.Debug|Any CPU.Build.0 = Debug|Any CPU
		{806DBDB8-12A6-462A-9CCD-C3317FA23EED}.Release|Any CPU.ActiveCfg = Release|Any CPU
		{806DBDB8-12A6-462A-9CCD-C3317FA23EED}.Release|Any CPU.Build.0 = Release|Any CPU
	EndGlobalSection
	GlobalSection(SolutionProperties) = preSolution
		HideSolutionNode = FALSE
	EndGlobalSection
EndGlobal
